PODS:
  - Alamofire (4.5.1)
  - AlamofireObjectMapper (5.0.0):
    - Alamofire (~> 4.1)
    - ObjectMapper (~> 3.0)
  - MBProgressHUD (1.0.0)
  - ObjectMapper (3.0.0)
  - SnapKit (4.0.0)
  - SwiftyJSON (3.1.4)
  - UIColor_Hex_Swift (4.0.0)

DEPENDENCIES:
  - Alamofire (~> 4.5.1)
  - AlamofireObjectMapper (~> 5.0.0)
  - MBProgressHUD (~> 1.0.0)
  - SnapKit (~> 4.0.0)
  - SwiftyJSON
  - UIColor_Hex_Swift (from `https://github.com/yeahdongcn/UIColor-Hex-Swift.git`)

EXTERNAL SOURCES:
  UIColor_Hex_Swift:
    :git: https://github.com/yeahdongcn/UIColor-Hex-Swift.git

CHECKOUT OPTIONS:
  UIColor_Hex_Swift:
    :commit: 84376770f2635bf69653f07d73e4e37b314daaed
    :git: https://github.com/yeahdongcn/UIColor-Hex-Swift.git

SPEC CHECKSUMS:
  Alamofire: 2d95912bf4c34f164fdfc335872e8c312acaea4a
  AlamofireObjectMapper: 5fafc816351cbbc0d486611aaeba7461c0cbad49
  MBProgressHUD: 4890f671c94e8a0f3cf959aa731e9de2f036d71a
  ObjectMapper: 92230db59bf8f341a5c3a3cf0b9fbdde3cf0d87f
  SnapKit: a42d492c16e80209130a3379f73596c3454b7694
  SwiftyJSON: c2842d878f95482ffceec5709abc3d05680c0220
  UIColor_Hex_Swift: a7b39ce3da75b7c187ede49b1664aeea1d441c20

PODFILE CHECKSUM: a3fe26219948da4c2a7d12a19d633a34dbb320ba

COCOAPODS: 1.3.1
