// !$*UTF8*$!
{
	archiveVersion = 1;
	classes = {
	};
	objectVersion = 48;
	objects = {

/* Begin PBXBuildFile section */
		632E78271FA2F92D00CFFB24 /* JGGAppFilterVC.swift in Sources */ = {isa = PBXBuildFile; fileRef = 632E78261FA2F92D00CFFB24 /* JGGAppFilterVC.swift */; };
		632E78291FA2FC3A00CFFB24 /* JGGAppFilterOptionCell.swift in Sources */ = {isa = PBXBuildFile; fileRef = 632E78281FA2FC3A00CFFB24 /* JGGAppFilterOptionCell.swift */; };
		63955EC91FA058E600D825B2 /* Login.storyboard in Resources */ = {isa = PBXBuildFile; fileRef = 63955EC71FA058E600D825B2 /* Login.storyboard */; };
		63955ECC1FA058F500D825B2 /* Profile.storyboard in Resources */ = {isa = PBXBuildFile; fileRef = 63955ECA1FA058F500D825B2 /* Profile.storyboard */; };
		63955ECF1FA0590200D825B2 /* Services.storyboard in Resources */ = {isa = PBXBuildFile; fileRef = 63955ECD1FA0590200D825B2 /* Services.storyboard */; };
		63955ED21FA0590F00D825B2 /* Appointment.storyboard in Resources */ = {isa = PBXBuildFile; fileRef = 63955ED01FA0590F00D825B2 /* Appointment.storyboard */; };
		63955ED41FA0593400D825B2 /* JGGButton.swift in Sources */ = {isa = PBXBuildFile; fileRef = 63955ED31FA0593400D825B2 /* JGGButton.swift */; };
		63955ED61FA0594300D825B2 /* JGGTextField.swift in Sources */ = {isa = PBXBuildFile; fileRef = 63955ED51FA0594300D825B2 /* JGGTextField.swift */; };
		63955ED81FA0598800D825B2 /* UITextField.swift in Sources */ = {isa = PBXBuildFile; fileRef = 63955ED71FA0598800D825B2 /* UITextField.swift */; };
		63955EDA1FA0599400D825B2 /* UIButton.swift in Sources */ = {isa = PBXBuildFile; fileRef = 63955ED91FA0599400D825B2 /* UIButton.swift */; };
		63955EDD1FA05C0B00D825B2 /* JGGAppHistoryListCell.swift in Sources */ = {isa = PBXBuildFile; fileRef = 63955EDC1FA05C0B00D825B2 /* JGGAppHistoryListCell.swift */; };
		63955EDF1FA05C1F00D825B2 /* JGGAppHistoryListCell.xib in Resources */ = {isa = PBXBuildFile; fileRef = 63955EDE1FA05C1F00D825B2 /* JGGAppHistoryListCell.xib */; };
		63955EE21FA0643000D825B2 /* JGGAppSearchHeaderView.swift in Sources */ = {isa = PBXBuildFile; fileRef = 63955EE11FA0643000D825B2 /* JGGAppSearchHeaderView.swift */; };
		63955EE41FA0643A00D825B2 /* JGGAppSearchHeaderView.xib in Resources */ = {isa = PBXBuildFile; fileRef = 63955EE31FA0643A00D825B2 /* JGGAppSearchHeaderView.xib */; };
		63955EE81FA0668800D825B2 /* JGGAppHomeTabView.swift in Sources */ = {isa = PBXBuildFile; fileRef = 63955EE71FA0668800D825B2 /* JGGAppHomeTabView.swift */; };
		63955EEA1FA0669B00D825B2 /* JGGAppHomeTabView.xib in Resources */ = {isa = PBXBuildFile; fileRef = 63955EE91FA0669A00D825B2 /* JGGAppHomeTabView.xib */; };
		63B755E41FA1BCCD0032B4F1 /* JGGServicePackageModel.swift in Sources */ = {isa = PBXBuildFile; fileRef = 63B755E31FA1BCCD0032B4F1 /* JGGServicePackageModel.swift */; };
		63B755E61FA1BDB30032B4F1 /* JGGAppointmentBaseModel.swift in Sources */ = {isa = PBXBuildFile; fileRef = 63B755E51FA1BDB30032B4F1 /* JGGAppointmentBaseModel.swift */; };
		63B755E81FA1BE230032B4F1 /* JGGEventModel.swift in Sources */ = {isa = PBXBuildFile; fileRef = 63B755E71FA1BE230032B4F1 /* JGGEventModel.swift */; };
		63B755EA1FA1BEA10032B4F1 /* JGGServiceModel.swift in Sources */ = {isa = PBXBuildFile; fileRef = 63B755E91FA1BEA10032B4F1 /* JGGServiceModel.swift */; };
		63B755EC1FA1BF020032B4F1 /* JGGJobModel.swift in Sources */ = {isa = PBXBuildFile; fileRef = 63B755EB1FA1BF020032B4F1 /* JGGJobModel.swift */; };
		63B8DC2A1FA17C8E003C6EBF /* JGGMainStartNC.swift in Sources */ = {isa = PBXBuildFile; fileRef = 63B8DC291FA17C8E003C6EBF /* JGGMainStartNC.swift */; };
		63B8DC2D1FA17F0F003C6EBF /* Home.storyboard in Resources */ = {isa = PBXBuildFile; fileRef = 63B8DC2B1FA17F0F003C6EBF /* Home.storyboard */; };
		63B8DC301FA17F1B003C6EBF /* Favorite.storyboard in Resources */ = {isa = PBXBuildFile; fileRef = 63B8DC2E1FA17F1B003C6EBF /* Favorite.storyboard */; };
		63B8DC321FA187F4003C6EBF /* JGGStartTableVC.swift in Sources */ = {isa = PBXBuildFile; fileRef = 63B8DC311FA187F4003C6EBF /* JGGStartTableVC.swift */; };
		63B8DC341FA18852003C6EBF /* JGGAppMainVC.swift in Sources */ = {isa = PBXBuildFile; fileRef = 63B8DC331FA18852003C6EBF /* JGGAppMainVC.swift */; };
		63B8DC361FA18AD5003C6EBF /* JGGSectionTitleView.swift in Sources */ = {isa = PBXBuildFile; fileRef = 63B8DC351FA18AD5003C6EBF /* JGGSectionTitleView.swift */; };
		63B8DC381FA18AE3003C6EBF /* JGGSectionTitleView.xib in Resources */ = {isa = PBXBuildFile; fileRef = 63B8DC371FA18AE3003C6EBF /* JGGSectionTitleView.xib */; };
		63B8DC3C1FA18EEE003C6EBF /* 222.jpg in Resources */ = {isa = PBXBuildFile; fileRef = 63B8DC3B1FA18EEE003C6EBF /* 222.jpg */; };
		63B8DC3E1FA19FEE003C6EBF /* JGGBaseNC.swift in Sources */ = {isa = PBXBuildFile; fileRef = 63B8DC3D1FA19FED003C6EBF /* JGGBaseNC.swift */; };
		63BE91A31FA0233300D40C07 /* AppDelegate.swift in Sources */ = {isa = PBXBuildFile; fileRef = 63BE91A21FA0233300D40C07 /* AppDelegate.swift */; };
		63BE91A81FA0233300D40C07 /* Main.storyboard in Resources */ = {isa = PBXBuildFile; fileRef = 63BE91A61FA0233300D40C07 /* Main.storyboard */; };
		63BE91AA1FA0233300D40C07 /* Assets.xcassets in Resources */ = {isa = PBXBuildFile; fileRef = 63BE91A91FA0233300D40C07 /* Assets.xcassets */; };
		63BE91AD1FA0233300D40C07 /* LaunchScreen.storyboard in Resources */ = {isa = PBXBuildFile; fileRef = 63BE91AB1FA0233300D40C07 /* LaunchScreen.storyboard */; };
		63BE91BC1FA025B700D40C07 /* JGGViewController.swift in Sources */ = {isa = PBXBuildFile; fileRef = 63BE91BB1FA025B700D40C07 /* JGGViewController.swift */; };
		63BE91BE1FA025C500D40C07 /* JGGTableViewController.swift in Sources */ = {isa = PBXBuildFile; fileRef = 63BE91BD1FA025C500D40C07 /* JGGTableViewController.swift */; };
		63BE91C01FA025D100D40C07 /* JGGAppManager.swift in Sources */ = {isa = PBXBuildFile; fileRef = 63BE91BF1FA025D100D40C07 /* JGGAppManager.swift */; };
		63BE91C31FA025ED00D40C07 /* JGGBaseModel.swift in Sources */ = {isa = PBXBuildFile; fileRef = 63BE91C21FA025ED00D40C07 /* JGGBaseModel.swift */; };
		63BE91C61FA025FD00D40C07 /* UIView.swift in Sources */ = {isa = PBXBuildFile; fileRef = 63BE91C51FA025FD00D40C07 /* UIView.swift */; };
		63BE91D71FA0263C00D40C07 /* Muli-Black.ttf in Resources */ = {isa = PBXBuildFile; fileRef = 63BE91C91FA0263C00D40C07 /* Muli-Black.ttf */; };
		63BE91D81FA0263C00D40C07 /* Muli-BlackItalic.ttf in Resources */ = {isa = PBXBuildFile; fileRef = 63BE91CA1FA0263C00D40C07 /* Muli-BlackItalic.ttf */; };
		63BE91D91FA0263C00D40C07 /* Muli-Bold.ttf in Resources */ = {isa = PBXBuildFile; fileRef = 63BE91CB1FA0263C00D40C07 /* Muli-Bold.ttf */; };
		63BE91DA1FA0263C00D40C07 /* Muli-BoldItalic.ttf in Resources */ = {isa = PBXBuildFile; fileRef = 63BE91CC1FA0263C00D40C07 /* Muli-BoldItalic.ttf */; };
		63BE91DB1FA0263C00D40C07 /* Muli-ExtraBold.ttf in Resources */ = {isa = PBXBuildFile; fileRef = 63BE91CD1FA0263C00D40C07 /* Muli-ExtraBold.ttf */; };
		63BE91DC1FA0263C00D40C07 /* Muli-ExtraBoldItalic.ttf in Resources */ = {isa = PBXBuildFile; fileRef = 63BE91CE1FA0263C00D40C07 /* Muli-ExtraBoldItalic.ttf */; };
		63BE91DD1FA0263C00D40C07 /* Muli-ExtraLight.ttf in Resources */ = {isa = PBXBuildFile; fileRef = 63BE91CF1FA0263C00D40C07 /* Muli-ExtraLight.ttf */; };
		63BE91DE1FA0263C00D40C07 /* Muli-ExtraLightItalic.ttf in Resources */ = {isa = PBXBuildFile; fileRef = 63BE91D01FA0263C00D40C07 /* Muli-ExtraLightItalic.ttf */; };
		63BE91DF1FA0263C00D40C07 /* Muli-Italic.ttf in Resources */ = {isa = PBXBuildFile; fileRef = 63BE91D11FA0263C00D40C07 /* Muli-Italic.ttf */; };
		63BE91E01FA0263C00D40C07 /* Muli-Light.ttf in Resources */ = {isa = PBXBuildFile; fileRef = 63BE91D21FA0263C00D40C07 /* Muli-Light.ttf */; };
		63BE91E11FA0263C00D40C07 /* Muli-LightItalic.ttf in Resources */ = {isa = PBXBuildFile; fileRef = 63BE91D31FA0263C00D40C07 /* Muli-LightItalic.ttf */; };
		63BE91E21FA0263C00D40C07 /* Muli-Regular.ttf in Resources */ = {isa = PBXBuildFile; fileRef = 63BE91D41FA0263C00D40C07 /* Muli-Regular.ttf */; };
		63BE91E31FA0263C00D40C07 /* Muli-SemiBold.ttf in Resources */ = {isa = PBXBuildFile; fileRef = 63BE91D51FA0263C00D40C07 /* Muli-SemiBold.ttf */; };
		63BE91E41FA0263C00D40C07 /* Muli-SemiBoldItalic.ttf in Resources */ = {isa = PBXBuildFile; fileRef = 63BE91D61FA0263C00D40C07 /* Muli-SemiBoldItalic.ttf */; };
		63BE91E71FA0274600D40C07 /* MapKit.framework in Frameworks */ = {isa = PBXBuildFile; fileRef = 63BE91E61FA0274600D40C07 /* MapKit.framework */; };
		63BE91F01FA0283600D40C07 /* JGGServicesBaseVC.swift in Sources */ = {isa = PBXBuildFile; fileRef = 63BE91EF1FA0283600D40C07 /* JGGServicesBaseVC.swift */; };
		63BE91F21FA0285200D40C07 /* JGGServicesBaseTableVC.swift in Sources */ = {isa = PBXBuildFile; fileRef = 63BE91F11FA0285200D40C07 /* JGGServicesBaseTableVC.swift */; };
		63BE91F51FA0286C00D40C07 /* JGGAppointmentsTableVC.swift in Sources */ = {isa = PBXBuildFile; fileRef = 63BE91F41FA0286C00D40C07 /* JGGAppointmentsTableVC.swift */; };
		63BE91F71FA0287E00D40C07 /* JGGAppointmentsBaseVC.swift in Sources */ = {isa = PBXBuildFile; fileRef = 63BE91F61FA0287E00D40C07 /* JGGAppointmentsBaseVC.swift */; };
		63BE91F91FA0289D00D40C07 /* JGGMainTabbarController.swift in Sources */ = {isa = PBXBuildFile; fileRef = 63BE91F81FA0289D00D40C07 /* JGGMainTabbarController.swift */; };
		63BE91FB1FA028B300D40C07 /* JGGLoginBaseVC.swift in Sources */ = {isa = PBXBuildFile; fileRef = 63BE91FA1FA028B300D40C07 /* JGGLoginBaseVC.swift */; };
		63DBC8AF1FA02E7800AAECA8 /* UIColor.swift in Sources */ = {isa = PBXBuildFile; fileRef = 63DBC8AE1FA02E7800AAECA8 /* UIColor.swift */; };
		63DBC8B11FA0356000AAECA8 /* UIFont.swift in Sources */ = {isa = PBXBuildFile; fileRef = 63DBC8B01FA0356000AAECA8 /* UIFont.swift */; };
		F7862BF9654B02B90CFE4900 /* Pods_JacksGoGo.framework in Frameworks */ = {isa = PBXBuildFile; fileRef = 781CEC96D6051F4CC98B1136 /* Pods_JacksGoGo.framework */; };
/* End PBXBuildFile section */

/* Begin PBXFileReference section */
		5946E967F53932667006CC0B /* Pods-JacksGoGo.debug.xcconfig */ = {isa = PBXFileReference; includeInIndex = 1; lastKnownFileType = text.xcconfig; name = "Pods-JacksGoGo.debug.xcconfig"; path = "Pods/Target Support Files/Pods-JacksGoGo/Pods-JacksGoGo.debug.xcconfig"; sourceTree = "<group>"; };
		632E78261FA2F92D00CFFB24 /* JGGAppFilterVC.swift */ = {isa = PBXFileReference; lastKnownFileType = sourcecode.swift; path = JGGAppFilterVC.swift; sourceTree = "<group>"; };
		632E78281FA2FC3A00CFFB24 /* JGGAppFilterOptionCell.swift */ = {isa = PBXFileReference; lastKnownFileType = sourcecode.swift; path = JGGAppFilterOptionCell.swift; sourceTree = "<group>"; };
		63955EC81FA058E600D825B2 /* Base */ = {isa = PBXFileReference; lastKnownFileType = file.storyboard; name = Base; path = Base.lproj/Login.storyboard; sourceTree = "<group>"; };
		63955ECB1FA058F500D825B2 /* Base */ = {isa = PBXFileReference; lastKnownFileType = file.storyboard; name = Base; path = Base.lproj/Profile.storyboard; sourceTree = "<group>"; };
		63955ECE1FA0590200D825B2 /* Base */ = {isa = PBXFileReference; lastKnownFileType = file.storyboard; name = Base; path = Base.lproj/Services.storyboard; sourceTree = "<group>"; };
		63955ED11FA0590F00D825B2 /* Base */ = {isa = PBXFileReference; lastKnownFileType = file.storyboard; name = Base; path = Base.lproj/Appointment.storyboard; sourceTree = "<group>"; };
		63955ED31FA0593400D825B2 /* JGGButton.swift */ = {isa = PBXFileReference; lastKnownFileType = sourcecode.swift; path = JGGButton.swift; sourceTree = "<group>"; };
		63955ED51FA0594300D825B2 /* JGGTextField.swift */ = {isa = PBXFileReference; lastKnownFileType = sourcecode.swift; path = JGGTextField.swift; sourceTree = "<group>"; };
		63955ED71FA0598800D825B2 /* UITextField.swift */ = {isa = PBXFileReference; lastKnownFileType = sourcecode.swift; path = UITextField.swift; sourceTree = "<group>"; };
		63955ED91FA0599400D825B2 /* UIButton.swift */ = {isa = PBXFileReference; lastKnownFileType = sourcecode.swift; path = UIButton.swift; sourceTree = "<group>"; };
		63955EDC1FA05C0B00D825B2 /* JGGAppHistoryListCell.swift */ = {isa = PBXFileReference; lastKnownFileType = sourcecode.swift; path = JGGAppHistoryListCell.swift; sourceTree = "<group>"; };
		63955EDE1FA05C1F00D825B2 /* JGGAppHistoryListCell.xib */ = {isa = PBXFileReference; lastKnownFileType = file.xib; path = JGGAppHistoryListCell.xib; sourceTree = "<group>"; };
		63955EE11FA0643000D825B2 /* JGGAppSearchHeaderView.swift */ = {isa = PBXFileReference; lastKnownFileType = sourcecode.swift; path = JGGAppSearchHeaderView.swift; sourceTree = "<group>"; };
		63955EE31FA0643A00D825B2 /* JGGAppSearchHeaderView.xib */ = {isa = PBXFileReference; lastKnownFileType = file.xib; path = JGGAppSearchHeaderView.xib; sourceTree = "<group>"; };
		63955EE71FA0668800D825B2 /* JGGAppHomeTabView.swift */ = {isa = PBXFileReference; lastKnownFileType = sourcecode.swift; path = JGGAppHomeTabView.swift; sourceTree = "<group>"; };
		63955EE91FA0669A00D825B2 /* JGGAppHomeTabView.xib */ = {isa = PBXFileReference; lastKnownFileType = file.xib; path = JGGAppHomeTabView.xib; sourceTree = "<group>"; };
		63B755E31FA1BCCD0032B4F1 /* JGGServicePackageModel.swift */ = {isa = PBXFileReference; lastKnownFileType = sourcecode.swift; path = JGGServicePackageModel.swift; sourceTree = "<group>"; };
		63B755E51FA1BDB30032B4F1 /* JGGAppointmentBaseModel.swift */ = {isa = PBXFileReference; lastKnownFileType = sourcecode.swift; path = JGGAppointmentBaseModel.swift; sourceTree = "<group>"; };
		63B755E71FA1BE230032B4F1 /* JGGEventModel.swift */ = {isa = PBXFileReference; lastKnownFileType = sourcecode.swift; path = JGGEventModel.swift; sourceTree = "<group>"; };
		63B755E91FA1BEA10032B4F1 /* JGGServiceModel.swift */ = {isa = PBXFileReference; lastKnownFileType = sourcecode.swift; path = JGGServiceModel.swift; sourceTree = "<group>"; };
		63B755EB1FA1BF020032B4F1 /* JGGJobModel.swift */ = {isa = PBXFileReference; lastKnownFileType = sourcecode.swift; path = JGGJobModel.swift; sourceTree = "<group>"; };
		63B8DC291FA17C8E003C6EBF /* JGGMainStartNC.swift */ = {isa = PBXFileReference; lastKnownFileType = sourcecode.swift; path = JGGMainStartNC.swift; sourceTree = "<group>"; };
		63B8DC2C1FA17F0F003C6EBF /* Base */ = {isa = PBXFileReference; lastKnownFileType = file.storyboard; name = Base; path = Base.lproj/Home.storyboard; sourceTree = "<group>"; };
		63B8DC2F1FA17F1B003C6EBF /* Base */ = {isa = PBXFileReference; lastKnownFileType = file.storyboard; name = Base; path = Base.lproj/Favorite.storyboard; sourceTree = "<group>"; };
		63B8DC311FA187F4003C6EBF /* JGGStartTableVC.swift */ = {isa = PBXFileReference; lastKnownFileType = sourcecode.swift; path = JGGStartTableVC.swift; sourceTree = "<group>"; };
		63B8DC331FA18852003C6EBF /* JGGAppMainVC.swift */ = {isa = PBXFileReference; lastKnownFileType = sourcecode.swift; path = JGGAppMainVC.swift; sourceTree = "<group>"; };
		63B8DC351FA18AD5003C6EBF /* JGGSectionTitleView.swift */ = {isa = PBXFileReference; lastKnownFileType = sourcecode.swift; path = JGGSectionTitleView.swift; sourceTree = "<group>"; };
		63B8DC371FA18AE3003C6EBF /* JGGSectionTitleView.xib */ = {isa = PBXFileReference; lastKnownFileType = file.xib; path = JGGSectionTitleView.xib; sourceTree = "<group>"; };
		63B8DC3B1FA18EEE003C6EBF /* 222.jpg */ = {isa = PBXFileReference; lastKnownFileType = image.jpeg; path = 222.jpg; sourceTree = "<group>"; };
		63B8DC3D1FA19FED003C6EBF /* JGGBaseNC.swift */ = {isa = PBXFileReference; lastKnownFileType = sourcecode.swift; path = JGGBaseNC.swift; sourceTree = "<group>"; };
		63BE919F1FA0233300D40C07 /* JacksGoGo.app */ = {isa = PBXFileReference; explicitFileType = wrapper.application; includeInIndex = 0; path = JacksGoGo.app; sourceTree = BUILT_PRODUCTS_DIR; };
		63BE91A21FA0233300D40C07 /* AppDelegate.swift */ = {isa = PBXFileReference; lastKnownFileType = sourcecode.swift; path = AppDelegate.swift; sourceTree = "<group>"; };
		63BE91A71FA0233300D40C07 /* Base */ = {isa = PBXFileReference; lastKnownFileType = file.storyboard; name = Base; path = Base.lproj/Main.storyboard; sourceTree = "<group>"; };
		63BE91A91FA0233300D40C07 /* Assets.xcassets */ = {isa = PBXFileReference; lastKnownFileType = folder.assetcatalog; path = Assets.xcassets; sourceTree = "<group>"; };
		63BE91AC1FA0233300D40C07 /* Base */ = {isa = PBXFileReference; lastKnownFileType = file.storyboard; name = Base; path = Base.lproj/LaunchScreen.storyboard; sourceTree = "<group>"; };
		63BE91AE1FA0233300D40C07 /* Info.plist */ = {isa = PBXFileReference; lastKnownFileType = text.plist.xml; path = Info.plist; sourceTree = "<group>"; };
		63BE91BB1FA025B700D40C07 /* JGGViewController.swift */ = {isa = PBXFileReference; lastKnownFileType = sourcecode.swift; path = JGGViewController.swift; sourceTree = "<group>"; };
		63BE91BD1FA025C500D40C07 /* JGGTableViewController.swift */ = {isa = PBXFileReference; lastKnownFileType = sourcecode.swift; path = JGGTableViewController.swift; sourceTree = "<group>"; };
		63BE91BF1FA025D100D40C07 /* JGGAppManager.swift */ = {isa = PBXFileReference; lastKnownFileType = sourcecode.swift; path = JGGAppManager.swift; sourceTree = "<group>"; };
		63BE91C21FA025ED00D40C07 /* JGGBaseModel.swift */ = {isa = PBXFileReference; lastKnownFileType = sourcecode.swift; path = JGGBaseModel.swift; sourceTree = "<group>"; };
		63BE91C51FA025FD00D40C07 /* UIView.swift */ = {isa = PBXFileReference; lastKnownFileType = sourcecode.swift; path = UIView.swift; sourceTree = "<group>"; };
		63BE91C91FA0263C00D40C07 /* Muli-Black.ttf */ = {isa = PBXFileReference; lastKnownFileType = file; path = "Muli-Black.ttf"; sourceTree = "<group>"; };
		63BE91CA1FA0263C00D40C07 /* Muli-BlackItalic.ttf */ = {isa = PBXFileReference; lastKnownFileType = file; path = "Muli-BlackItalic.ttf"; sourceTree = "<group>"; };
		63BE91CB1FA0263C00D40C07 /* Muli-Bold.ttf */ = {isa = PBXFileReference; lastKnownFileType = file; path = "Muli-Bold.ttf"; sourceTree = "<group>"; };
		63BE91CC1FA0263C00D40C07 /* Muli-BoldItalic.ttf */ = {isa = PBXFileReference; lastKnownFileType = file; path = "Muli-BoldItalic.ttf"; sourceTree = "<group>"; };
		63BE91CD1FA0263C00D40C07 /* Muli-ExtraBold.ttf */ = {isa = PBXFileReference; lastKnownFileType = file; path = "Muli-ExtraBold.ttf"; sourceTree = "<group>"; };
		63BE91CE1FA0263C00D40C07 /* Muli-ExtraBoldItalic.ttf */ = {isa = PBXFileReference; lastKnownFileType = file; path = "Muli-ExtraBoldItalic.ttf"; sourceTree = "<group>"; };
		63BE91CF1FA0263C00D40C07 /* Muli-ExtraLight.ttf */ = {isa = PBXFileReference; lastKnownFileType = file; path = "Muli-ExtraLight.ttf"; sourceTree = "<group>"; };
		63BE91D01FA0263C00D40C07 /* Muli-ExtraLightItalic.ttf */ = {isa = PBXFileReference; lastKnownFileType = file; path = "Muli-ExtraLightItalic.ttf"; sourceTree = "<group>"; };
		63BE91D11FA0263C00D40C07 /* Muli-Italic.ttf */ = {isa = PBXFileReference; lastKnownFileType = file; path = "Muli-Italic.ttf"; sourceTree = "<group>"; };
		63BE91D21FA0263C00D40C07 /* Muli-Light.ttf */ = {isa = PBXFileReference; lastKnownFileType = file; path = "Muli-Light.ttf"; sourceTree = "<group>"; };
		63BE91D31FA0263C00D40C07 /* Muli-LightItalic.ttf */ = {isa = PBXFileReference; lastKnownFileType = file; path = "Muli-LightItalic.ttf"; sourceTree = "<group>"; };
		63BE91D41FA0263C00D40C07 /* Muli-Regular.ttf */ = {isa = PBXFileReference; lastKnownFileType = file; path = "Muli-Regular.ttf"; sourceTree = "<group>"; };
		63BE91D51FA0263C00D40C07 /* Muli-SemiBold.ttf */ = {isa = PBXFileReference; lastKnownFileType = file; path = "Muli-SemiBold.ttf"; sourceTree = "<group>"; };
		63BE91D61FA0263C00D40C07 /* Muli-SemiBoldItalic.ttf */ = {isa = PBXFileReference; lastKnownFileType = file; path = "Muli-SemiBoldItalic.ttf"; sourceTree = "<group>"; };
		63BE91E61FA0274600D40C07 /* MapKit.framework */ = {isa = PBXFileReference; lastKnownFileType = wrapper.framework; name = MapKit.framework; path = System/Library/Frameworks/MapKit.framework; sourceTree = SDKROOT; };
		63BE91EF1FA0283600D40C07 /* JGGServicesBaseVC.swift */ = {isa = PBXFileReference; lastKnownFileType = sourcecode.swift; path = JGGServicesBaseVC.swift; sourceTree = "<group>"; };
		63BE91F11FA0285200D40C07 /* JGGServicesBaseTableVC.swift */ = {isa = PBXFileReference; lastKnownFileType = sourcecode.swift; path = JGGServicesBaseTableVC.swift; sourceTree = "<group>"; };
		63BE91F41FA0286C00D40C07 /* JGGAppointmentsTableVC.swift */ = {isa = PBXFileReference; lastKnownFileType = sourcecode.swift; path = JGGAppointmentsTableVC.swift; sourceTree = "<group>"; };
		63BE91F61FA0287E00D40C07 /* JGGAppointmentsBaseVC.swift */ = {isa = PBXFileReference; lastKnownFileType = sourcecode.swift; path = JGGAppointmentsBaseVC.swift; sourceTree = "<group>"; };
		63BE91F81FA0289D00D40C07 /* JGGMainTabbarController.swift */ = {isa = PBXFileReference; lastKnownFileType = sourcecode.swift; path = JGGMainTabbarController.swift; sourceTree = "<group>"; };
		63BE91FA1FA028B300D40C07 /* JGGLoginBaseVC.swift */ = {isa = PBXFileReference; lastKnownFileType = sourcecode.swift; path = JGGLoginBaseVC.swift; sourceTree = "<group>"; };
		63DBC8AE1FA02E7800AAECA8 /* UIColor.swift */ = {isa = PBXFileReference; lastKnownFileType = sourcecode.swift; path = UIColor.swift; sourceTree = "<group>"; };
		63DBC8B01FA0356000AAECA8 /* UIFont.swift */ = {isa = PBXFileReference; lastKnownFileType = sourcecode.swift; path = UIFont.swift; sourceTree = "<group>"; };
		781CEC96D6051F4CC98B1136 /* Pods_JacksGoGo.framework */ = {isa = PBXFileReference; explicitFileType = wrapper.framework; includeInIndex = 0; path = Pods_JacksGoGo.framework; sourceTree = BUILT_PRODUCTS_DIR; };
		7DDBAF2BE302FE617614219B /* Pods-JacksGoGo.release.xcconfig */ = {isa = PBXFileReference; includeInIndex = 1; lastKnownFileType = text.xcconfig; name = "Pods-JacksGoGo.release.xcconfig"; path = "Pods/Target Support Files/Pods-JacksGoGo/Pods-JacksGoGo.release.xcconfig"; sourceTree = "<group>"; };
/* End PBXFileReference section */

/* Begin PBXFrameworksBuildPhase section */
		63BE919C1FA0233300D40C07 /* Frameworks */ = {
			isa = PBXFrameworksBuildPhase;
			buildActionMask = 2147483647;
			files = (
				63BE91E71FA0274600D40C07 /* MapKit.framework in Frameworks */,
				F7862BF9654B02B90CFE4900 /* Pods_JacksGoGo.framework in Frameworks */,
			);
			runOnlyForDeploymentPostprocessing = 0;
		};
/* End PBXFrameworksBuildPhase section */

/* Begin PBXGroup section */
		5EE3910EB3A10CA8D5142F73 /* Pods */ = {
			isa = PBXGroup;
			children = (
				5946E967F53932667006CC0B /* Pods-JacksGoGo.debug.xcconfig */,
				7DDBAF2BE302FE617614219B /* Pods-JacksGoGo.release.xcconfig */,
			);
			name = Pods;
			sourceTree = "<group>";
		};
		63955EDB1FA05B8400D825B2 /* TableViewCell */ = {
			isa = PBXGroup;
			children = (
				63B8DC351FA18AD5003C6EBF /* JGGSectionTitleView.swift */,
				63B8DC371FA18AE3003C6EBF /* JGGSectionTitleView.xib */,
				63955EE61FA0662900D825B2 /* Appointment */,
			);
			path = TableViewCell;
			sourceTree = "<group>";
		};
		63955EE01FA0641800D825B2 /* View */ = {
			isa = PBXGroup;
			children = (
				63955EE51FA0661F00D825B2 /* Appointment */,
			);
			path = View;
			sourceTree = "<group>";
		};
		63955EE51FA0661F00D825B2 /* Appointment */ = {
			isa = PBXGroup;
			children = (
				63955EE11FA0643000D825B2 /* JGGAppSearchHeaderView.swift */,
				63955EE31FA0643A00D825B2 /* JGGAppSearchHeaderView.xib */,
				63955EE71FA0668800D825B2 /* JGGAppHomeTabView.swift */,
				63955EE91FA0669A00D825B2 /* JGGAppHomeTabView.xib */,
			);
			path = Appointment;
			sourceTree = "<group>";
		};
		63955EE61FA0662900D825B2 /* Appointment */ = {
			isa = PBXGroup;
			children = (
				63955EDC1FA05C0B00D825B2 /* JGGAppHistoryListCell.swift */,
				63955EDE1FA05C1F00D825B2 /* JGGAppHistoryListCell.xib */,
				632E78281FA2FC3A00CFFB24 /* JGGAppFilterOptionCell.swift */,
			);
			path = Appointment;
			sourceTree = "<group>";
		};
		63B8DC391FA18EEE003C6EBF /* images */ = {
			isa = PBXGroup;
			children = (
				63B8DC3A1FA18EEE003C6EBF /* temp */,
			);
			path = images;
			sourceTree = "<group>";
		};
		63B8DC3A1FA18EEE003C6EBF /* temp */ = {
			isa = PBXGroup;
			children = (
				63B8DC3B1FA18EEE003C6EBF /* 222.jpg */,
			);
			path = temp;
			sourceTree = "<group>";
		};
		63BE91961FA0233300D40C07 = {
			isa = PBXGroup;
			children = (
				63BE91A11FA0233300D40C07 /* JacksGoGo */,
				63BE91A01FA0233300D40C07 /* Products */,
				63BE91E51FA0274600D40C07 /* Frameworks */,
				5EE3910EB3A10CA8D5142F73 /* Pods */,
			);
			sourceTree = "<group>";
		};
		63BE91A01FA0233300D40C07 /* Products */ = {
			isa = PBXGroup;
			children = (
				63BE919F1FA0233300D40C07 /* JacksGoGo.app */,
			);
			name = Products;
			sourceTree = "<group>";
		};
		63BE91A11FA0233300D40C07 /* JacksGoGo */ = {
			isa = PBXGroup;
			children = (
				63BE91A21FA0233300D40C07 /* AppDelegate.swift */,
				63BE91AE1FA0233300D40C07 /* Info.plist */,
				63BE91B41FA0257D00D40C07 /* Classes */,
				63BE91C71FA0263C00D40C07 /* Resources */,
			);
			path = JacksGoGo;
			sourceTree = "<group>";
		};
		63BE91B41FA0257D00D40C07 /* Classes */ = {
			isa = PBXGroup;
			children = (
				63BE91B61FA0257D00D40C07 /* Global */,
				63BE91B51FA0257D00D40C07 /* Controllers */,
				63BE91B71FA0257D00D40C07 /* Libraries */,
				63BE91B81FA0257D00D40C07 /* Models */,
				63BE91B91FA0257D00D40C07 /* Views */,
			);
			path = Classes;
			sourceTree = "<group>";
		};
		63BE91B51FA0257D00D40C07 /* Controllers */ = {
			isa = PBXGroup;
			children = (
				63BE91BA1FA025A400D40C07 /* Base */,
				63BE91EA1FA0279A00D40C07 /* Main */,
				63BE91EB1FA0279F00D40C07 /* Login */,
				63BE91E91FA0279200D40C07 /* Appointment */,
				63BE91E81FA0278D00D40C07 /* Services */,
			);
			path = Controllers;
			sourceTree = "<group>";
		};
		63BE91B61FA0257D00D40C07 /* Global */ = {
			isa = PBXGroup;
			children = (
				63DBC8AD1FA02E6600AAECA8 /* Extension */,
				63BE91BF1FA025D100D40C07 /* JGGAppManager.swift */,
			);
			path = Global;
			sourceTree = "<group>";
		};
		63BE91B71FA0257D00D40C07 /* Libraries */ = {
			isa = PBXGroup;
			children = (
			);
			path = Libraries;
			sourceTree = "<group>";
		};
		63BE91B81FA0257D00D40C07 /* Models */ = {
			isa = PBXGroup;
			children = (
				63BE91C11FA025E200D40C07 /* Base */,
				63B755E31FA1BCCD0032B4F1 /* JGGServicePackageModel.swift */,
				63B755E51FA1BDB30032B4F1 /* JGGAppointmentBaseModel.swift */,
				63B755E71FA1BE230032B4F1 /* JGGEventModel.swift */,
				63B755E91FA1BEA10032B4F1 /* JGGServiceModel.swift */,
				63B755EB1FA1BF020032B4F1 /* JGGJobModel.swift */,
			);
			path = Models;
			sourceTree = "<group>";
		};
		63BE91B91FA0257D00D40C07 /* Views */ = {
			isa = PBXGroup;
			children = (
				63BE91C41FA025F100D40C07 /* Base */,
				63955EE01FA0641800D825B2 /* View */,
				63955EDB1FA05B8400D825B2 /* TableViewCell */,
			);
			path = Views;
			sourceTree = "<group>";
		};
		63BE91BA1FA025A400D40C07 /* Base */ = {
			isa = PBXGroup;
			children = (
				63BE91BB1FA025B700D40C07 /* JGGViewController.swift */,
				63BE91BD1FA025C500D40C07 /* JGGTableViewController.swift */,
				63B8DC311FA187F4003C6EBF /* JGGStartTableVC.swift */,
				63B8DC3D1FA19FED003C6EBF /* JGGBaseNC.swift */,
			);
			path = Base;
			sourceTree = "<group>";
		};
		63BE91C11FA025E200D40C07 /* Base */ = {
			isa = PBXGroup;
			children = (
				63BE91C21FA025ED00D40C07 /* JGGBaseModel.swift */,
			);
			path = Base;
			sourceTree = "<group>";
		};
		63BE91C41FA025F100D40C07 /* Base */ = {
			isa = PBXGroup;
			children = (
				63955ED31FA0593400D825B2 /* JGGButton.swift */,
				63955ED51FA0594300D825B2 /* JGGTextField.swift */,
				63955ED71FA0598800D825B2 /* UITextField.swift */,
				63955ED91FA0599400D825B2 /* UIButton.swift */,
				63BE91C51FA025FD00D40C07 /* UIView.swift */,
			);
			path = Base;
			sourceTree = "<group>";
		};
		63BE91C71FA0263C00D40C07 /* Resources */ = {
			isa = PBXGroup;
			children = (
				63BE91A91FA0233300D40C07 /* Assets.xcassets */,
				63B8DC391FA18EEE003C6EBF /* images */,
				63BE91FC1FA029FA00D40C07 /* Storyboard */,
				63BE91C81FA0263C00D40C07 /* font */,
			);
			path = Resources;
			sourceTree = "<group>";
		};
		63BE91C81FA0263C00D40C07 /* font */ = {
			isa = PBXGroup;
			children = (
				63BE91C91FA0263C00D40C07 /* Muli-Black.ttf */,
				63BE91CA1FA0263C00D40C07 /* Muli-BlackItalic.ttf */,
				63BE91CB1FA0263C00D40C07 /* Muli-Bold.ttf */,
				63BE91CC1FA0263C00D40C07 /* Muli-BoldItalic.ttf */,
				63BE91CD1FA0263C00D40C07 /* Muli-ExtraBold.ttf */,
				63BE91CE1FA0263C00D40C07 /* Muli-ExtraBoldItalic.ttf */,
				63BE91CF1FA0263C00D40C07 /* Muli-ExtraLight.ttf */,
				63BE91D01FA0263C00D40C07 /* Muli-ExtraLightItalic.ttf */,
				63BE91D11FA0263C00D40C07 /* Muli-Italic.ttf */,
				63BE91D21FA0263C00D40C07 /* Muli-Light.ttf */,
				63BE91D31FA0263C00D40C07 /* Muli-LightItalic.ttf */,
				63BE91D41FA0263C00D40C07 /* Muli-Regular.ttf */,
				63BE91D51FA0263C00D40C07 /* Muli-SemiBold.ttf */,
				63BE91D61FA0263C00D40C07 /* Muli-SemiBoldItalic.ttf */,
			);
			path = font;
			sourceTree = "<group>";
		};
		63BE91E51FA0274600D40C07 /* Frameworks */ = {
			isa = PBXGroup;
			children = (
				63BE91E61FA0274600D40C07 /* MapKit.framework */,
				781CEC96D6051F4CC98B1136 /* Pods_JacksGoGo.framework */,
			);
			name = Frameworks;
			sourceTree = "<group>";
		};
		63BE91E81FA0278D00D40C07 /* Services */ = {
			isa = PBXGroup;
			children = (
				63BE91EE1FA0281F00D40C07 /* Base */,
			);
			path = Services;
			sourceTree = "<group>";
		};
		63BE91E91FA0279200D40C07 /* Appointment */ = {
			isa = PBXGroup;
			children = (
				63BE91F31FA0285A00D40C07 /* Base */,
				63B8DC331FA18852003C6EBF /* JGGAppMainVC.swift */,
				632E78261FA2F92D00CFFB24 /* JGGAppFilterVC.swift */,
			);
			path = Appointment;
			sourceTree = "<group>";
		};
		63BE91EA1FA0279A00D40C07 /* Main */ = {
			isa = PBXGroup;
			children = (
				63B8DC291FA17C8E003C6EBF /* JGGMainStartNC.swift */,
				63BE91F81FA0289D00D40C07 /* JGGMainTabbarController.swift */,
			);
			path = Main;
			sourceTree = "<group>";
		};
		63BE91EB1FA0279F00D40C07 /* Login */ = {
			isa = PBXGroup;
			children = (
				63BE91FA1FA028B300D40C07 /* JGGLoginBaseVC.swift */,
			);
			path = Login;
			sourceTree = "<group>";
		};
		63BE91EE1FA0281F00D40C07 /* Base */ = {
			isa = PBXGroup;
			children = (
				63BE91EF1FA0283600D40C07 /* JGGServicesBaseVC.swift */,
				63BE91F11FA0285200D40C07 /* JGGServicesBaseTableVC.swift */,
			);
			path = Base;
			sourceTree = "<group>";
		};
		63BE91F31FA0285A00D40C07 /* Base */ = {
			isa = PBXGroup;
			children = (
				63BE91F41FA0286C00D40C07 /* JGGAppointmentsTableVC.swift */,
				63BE91F61FA0287E00D40C07 /* JGGAppointmentsBaseVC.swift */,
			);
			path = Base;
			sourceTree = "<group>";
		};
		63BE91FC1FA029FA00D40C07 /* Storyboard */ = {
			isa = PBXGroup;
			children = (
				63BE91AB1FA0233300D40C07 /* LaunchScreen.storyboard */,
				63BE91A61FA0233300D40C07 /* Main.storyboard */,
				63955EC71FA058E600D825B2 /* Login.storyboard */,
				63B8DC2B1FA17F0F003C6EBF /* Home.storyboard */,
				63955ECD1FA0590200D825B2 /* Services.storyboard */,
				63955ED01FA0590F00D825B2 /* Appointment.storyboard */,
				63B8DC2E1FA17F1B003C6EBF /* Favorite.storyboard */,
				63955ECA1FA058F500D825B2 /* Profile.storyboard */,
			);
			path = Storyboard;
			sourceTree = "<group>";
		};
		63DBC8AD1FA02E6600AAECA8 /* Extension */ = {
			isa = PBXGroup;
			children = (
				63DBC8AE1FA02E7800AAECA8 /* UIColor.swift */,
				63DBC8B01FA0356000AAECA8 /* UIFont.swift */,
			);
			path = Extension;
			sourceTree = "<group>";
		};
/* End PBXGroup section */

/* Begin PBXNativeTarget section */
		63BE919E1FA0233300D40C07 /* JacksGoGo */ = {
			isa = PBXNativeTarget;
			buildConfigurationList = 63BE91B11FA0233400D40C07 /* Build configuration list for PBXNativeTarget "JacksGoGo" */;
			buildPhases = (
				0999789FC488B3AEBDA63652 /* [CP] Check Pods Manifest.lock */,
				63BE919B1FA0233300D40C07 /* Sources */,
				63BE919C1FA0233300D40C07 /* Frameworks */,
				63BE919D1FA0233300D40C07 /* Resources */,
				098CC8FCC6F9E348E8F27D22 /* [CP] Embed Pods Frameworks */,
				17492B64194FFD254AE7D200 /* [CP] Copy Pods Resources */,
			);
			buildRules = (
			);
			dependencies = (
			);
			name = JacksGoGo;
			productName = JacksGoGo;
			productReference = 63BE919F1FA0233300D40C07 /* JacksGoGo.app */;
			productType = "com.apple.product-type.application";
		};
/* End PBXNativeTarget section */

/* Begin PBXProject section */
		63BE91971FA0233300D40C07 /* Project object */ = {
			isa = PBXProject;
			attributes = {
				CLASSPREFIX = JGG;
				LastSwiftUpdateCheck = 0900;
				LastUpgradeCheck = 0900;
				ORGANIZATIONNAME = "Hemin Wang";
				TargetAttributes = {
					63BE919E1FA0233300D40C07 = {
						CreatedOnToolsVersion = 9.0.1;
						ProvisioningStyle = Manual;
						SystemCapabilities = {
							com.apple.Maps.iOS = {
								enabled = 1;
							};
						};
					};
				};
			};
			buildConfigurationList = 63BE919A1FA0233300D40C07 /* Build configuration list for PBXProject "JacksGoGo" */;
			compatibilityVersion = "Xcode 8.0";
			developmentRegion = en;
			hasScannedForEncodings = 0;
			knownRegions = (
				en,
				Base,
			);
			mainGroup = 63BE91961FA0233300D40C07;
			productRefGroup = 63BE91A01FA0233300D40C07 /* Products */;
			projectDirPath = "";
			projectRoot = "";
			targets = (
				63BE919E1FA0233300D40C07 /* JacksGoGo */,
			);
		};
/* End PBXProject section */

/* Begin PBXResourcesBuildPhase section */
		63BE919D1FA0233300D40C07 /* Resources */ = {
			isa = PBXResourcesBuildPhase;
			buildActionMask = 2147483647;
			files = (
				63955EE41FA0643A00D825B2 /* JGGAppSearchHeaderView.xib in Resources */,
				63BE91E31FA0263C00D40C07 /* Muli-SemiBold.ttf in Resources */,
				63955ECC1FA058F500D825B2 /* Profile.storyboard in Resources */,
				63BE91DC1FA0263C00D40C07 /* Muli-ExtraBoldItalic.ttf in Resources */,
				63955EDF1FA05C1F00D825B2 /* JGGAppHistoryListCell.xib in Resources */,
				63BE91DF1FA0263C00D40C07 /* Muli-Italic.ttf in Resources */,
				63BE91E11FA0263C00D40C07 /* Muli-LightItalic.ttf in Resources */,
				63BE91E21FA0263C00D40C07 /* Muli-Regular.ttf in Resources */,
				63BE91D91FA0263C00D40C07 /* Muli-Bold.ttf in Resources */,
				63BE91AD1FA0233300D40C07 /* LaunchScreen.storyboard in Resources */,
				63BE91DD1FA0263C00D40C07 /* Muli-ExtraLight.ttf in Resources */,
				63955EC91FA058E600D825B2 /* Login.storyboard in Resources */,
				63B8DC3C1FA18EEE003C6EBF /* 222.jpg in Resources */,
				63B8DC301FA17F1B003C6EBF /* Favorite.storyboard in Resources */,
				63BE91E41FA0263C00D40C07 /* Muli-SemiBoldItalic.ttf in Resources */,
				63BE91DE1FA0263C00D40C07 /* Muli-ExtraLightItalic.ttf in Resources */,
				63BE91AA1FA0233300D40C07 /* Assets.xcassets in Resources */,
				63BE91E01FA0263C00D40C07 /* Muli-Light.ttf in Resources */,
				63955ED21FA0590F00D825B2 /* Appointment.storyboard in Resources */,
				63955ECF1FA0590200D825B2 /* Services.storyboard in Resources */,
				63955EEA1FA0669B00D825B2 /* JGGAppHomeTabView.xib in Resources */,
				63BE91D81FA0263C00D40C07 /* Muli-BlackItalic.ttf in Resources */,
				63BE91DA1FA0263C00D40C07 /* Muli-BoldItalic.ttf in Resources */,
				63B8DC2D1FA17F0F003C6EBF /* Home.storyboard in Resources */,
				63BE91A81FA0233300D40C07 /* Main.storyboard in Resources */,
				63BE91D71FA0263C00D40C07 /* Muli-Black.ttf in Resources */,
				63B8DC381FA18AE3003C6EBF /* JGGSectionTitleView.xib in Resources */,
				63BE91DB1FA0263C00D40C07 /* Muli-ExtraBold.ttf in Resources */,
			);
			runOnlyForDeploymentPostprocessing = 0;
		};
/* End PBXResourcesBuildPhase section */

/* Begin PBXShellScriptBuildPhase section */
		098CC8FCC6F9E348E8F27D22 /* [CP] Embed Pods Frameworks */ = {
			isa = PBXShellScriptBuildPhase;
			buildActionMask = 2147483647;
			files = (
			);
			inputPaths = (
				"${SRCROOT}/Pods/Target Support Files/Pods-JacksGoGo/Pods-JacksGoGo-frameworks.sh",
				"${BUILT_PRODUCTS_DIR}/Alamofire/Alamofire.framework",
				"${BUILT_PRODUCTS_DIR}/AlamofireObjectMapper/AlamofireObjectMapper.framework",
				"${BUILT_PRODUCTS_DIR}/MBProgressHUD/MBProgressHUD.framework",
				"${BUILT_PRODUCTS_DIR}/ObjectMapper/ObjectMapper.framework",
				"${BUILT_PRODUCTS_DIR}/SnapKit/SnapKit.framework",
				"${BUILT_PRODUCTS_DIR}/SwiftyJSON/SwiftyJSON.framework",
				"${BUILT_PRODUCTS_DIR}/UIColor_Hex_Swift/UIColor_Hex_Swift.framework",
			);
			name = "[CP] Embed Pods Frameworks";
			outputPaths = (
				"${TARGET_BUILD_DIR}/${FRAMEWORKS_FOLDER_PATH}/Alamofire.framework",
				"${TARGET_BUILD_DIR}/${FRAMEWORKS_FOLDER_PATH}/AlamofireObjectMapper.framework",
				"${TARGET_BUILD_DIR}/${FRAMEWORKS_FOLDER_PATH}/MBProgressHUD.framework",
				"${TARGET_BUILD_DIR}/${FRAMEWORKS_FOLDER_PATH}/ObjectMapper.framework",
				"${TARGET_BUILD_DIR}/${FRAMEWORKS_FOLDER_PATH}/SnapKit.framework",
				"${TARGET_BUILD_DIR}/${FRAMEWORKS_FOLDER_PATH}/SwiftyJSON.framework",
				"${TARGET_BUILD_DIR}/${FRAMEWORKS_FOLDER_PATH}/UIColor_Hex_Swift.framework",
			);
			runOnlyForDeploymentPostprocessing = 0;
			shellPath = /bin/sh;
			shellScript = "\"${SRCROOT}/Pods/Target Support Files/Pods-JacksGoGo/Pods-JacksGoGo-frameworks.sh\"\n";
			showEnvVarsInLog = 0;
		};
		0999789FC488B3AEBDA63652 /* [CP] Check Pods Manifest.lock */ = {
			isa = PBXShellScriptBuildPhase;
			buildActionMask = 2147483647;
			files = (
			);
			inputPaths = (
				"${PODS_PODFILE_DIR_PATH}/Podfile.lock",
				"${PODS_ROOT}/Manifest.lock",
			);
			name = "[CP] Check Pods Manifest.lock";
			outputPaths = (
				"$(DERIVED_FILE_DIR)/Pods-JacksGoGo-checkManifestLockResult.txt",
			);
			runOnlyForDeploymentPostprocessing = 0;
			shellPath = /bin/sh;
			shellScript = "diff \"${PODS_PODFILE_DIR_PATH}/Podfile.lock\" \"${PODS_ROOT}/Manifest.lock\" > /dev/null\nif [ $? != 0 ] ; then\n    # print error to STDERR\n    echo \"error: The sandbox is not in sync with the Podfile.lock. Run 'pod install' or update your CocoaPods installation.\" >&2\n    exit 1\nfi\n# This output is used by Xcode 'outputs' to avoid re-running this script phase.\necho \"SUCCESS\" > \"${SCRIPT_OUTPUT_FILE_0}\"\n";
			showEnvVarsInLog = 0;
		};
		17492B64194FFD254AE7D200 /* [CP] Copy Pods Resources */ = {
			isa = PBXShellScriptBuildPhase;
			buildActionMask = 2147483647;
			files = (
			);
			inputPaths = (
			);
			name = "[CP] Copy Pods Resources";
			outputPaths = (
			);
			runOnlyForDeploymentPostprocessing = 0;
			shellPath = /bin/sh;
			shellScript = "\"${SRCROOT}/Pods/Target Support Files/Pods-JacksGoGo/Pods-JacksGoGo-resources.sh\"\n";
			showEnvVarsInLog = 0;
		};
/* End PBXShellScriptBuildPhase section */

/* Begin PBXSourcesBuildPhase section */
		63BE919B1FA0233300D40C07 /* Sources */ = {
			isa = PBXSourcesBuildPhase;
			buildActionMask = 2147483647;
			files = (
				63BE91FB1FA028B300D40C07 /* JGGLoginBaseVC.swift in Sources */,
				63BE91C61FA025FD00D40C07 /* UIView.swift in Sources */,
				632E78291FA2FC3A00CFFB24 /* JGGAppFilterOptionCell.swift in Sources */,
				63B8DC3E1FA19FEE003C6EBF /* JGGBaseNC.swift in Sources */,
				63BE91C01FA025D100D40C07 /* JGGAppManager.swift in Sources */,
				63BE91F91FA0289D00D40C07 /* JGGMainTabbarController.swift in Sources */,
				63BE91A31FA0233300D40C07 /* AppDelegate.swift in Sources */,
				63955EE81FA0668800D825B2 /* JGGAppHomeTabView.swift in Sources */,
				632E78271FA2F92D00CFFB24 /* JGGAppFilterVC.swift in Sources */,
				63BE91BE1FA025C500D40C07 /* JGGTableViewController.swift in Sources */,
				63BE91BC1FA025B700D40C07 /* JGGViewController.swift in Sources */,
				63BE91F01FA0283600D40C07 /* JGGServicesBaseVC.swift in Sources */,
				63BE91C31FA025ED00D40C07 /* JGGBaseModel.swift in Sources */,
				63DBC8AF1FA02E7800AAECA8 /* UIColor.swift in Sources */,
				63B8DC321FA187F4003C6EBF /* JGGStartTableVC.swift in Sources */,
				63B8DC341FA18852003C6EBF /* JGGAppMainVC.swift in Sources */,
				63955ED41FA0593400D825B2 /* JGGButton.swift in Sources */,
				63DBC8B11FA0356000AAECA8 /* UIFont.swift in Sources */,
				63BE91F51FA0286C00D40C07 /* JGGAppointmentsTableVC.swift in Sources */,
				63B755E61FA1BDB30032B4F1 /* JGGAppointmentBaseModel.swift in Sources */,
				63BE91F71FA0287E00D40C07 /* JGGAppointmentsBaseVC.swift in Sources */,
				63955EE21FA0643000D825B2 /* JGGAppSearchHeaderView.swift in Sources */,
				63955EDD1FA05C0B00D825B2 /* JGGAppHistoryListCell.swift in Sources */,
				63B755E41FA1BCCD0032B4F1 /* JGGServicePackageModel.swift in Sources */,
				63B755EA1FA1BEA10032B4F1 /* JGGServiceModel.swift in Sources */,
				63955ED61FA0594300D825B2 /* JGGTextField.swift in Sources */,
				63955ED81FA0598800D825B2 /* UITextField.swift in Sources */,
				63B8DC361FA18AD5003C6EBF /* JGGSectionTitleView.swift in Sources */,
				63B8DC2A1FA17C8E003C6EBF /* JGGMainStartNC.swift in Sources */,
				63BE91F21FA0285200D40C07 /* JGGServicesBaseTableVC.swift in Sources */,
				63B755E81FA1BE230032B4F1 /* JGGEventModel.swift in Sources */,
				63955EDA1FA0599400D825B2 /* UIButton.swift in Sources */,
				63B755EC1FA1BF020032B4F1 /* JGGJobModel.swift in Sources */,
			);
			runOnlyForDeploymentPostprocessing = 0;
		};
/* End PBXSourcesBuildPhase section */

/* Begin PBXVariantGroup section */
		63955EC71FA058E600D825B2 /* Login.storyboard */ = {
			isa = PBXVariantGroup;
			children = (
				63955EC81FA058E600D825B2 /* Base */,
			);
			name = Login.storyboard;
			sourceTree = "<group>";
		};
		63955ECA1FA058F500D825B2 /* Profile.storyboard */ = {
			isa = PBXVariantGroup;
			children = (
				63955ECB1FA058F500D825B2 /* Base */,
			);
			name = Profile.storyboard;
			sourceTree = "<group>";
		};
		63955ECD1FA0590200D825B2 /* Services.storyboard */ = {
			isa = PBXVariantGroup;
			children = (
				63955ECE1FA0590200D825B2 /* Base */,
			);
			name = Services.storyboard;
			sourceTree = "<group>";
		};
		63955ED01FA0590F00D825B2 /* Appointment.storyboard */ = {
			isa = PBXVariantGroup;
			children = (
				63955ED11FA0590F00D825B2 /* Base */,
			);
			name = Appointment.storyboard;
			sourceTree = "<group>";
		};
		63B8DC2B1FA17F0F003C6EBF /* Home.storyboard */ = {
			isa = PBXVariantGroup;
			children = (
				63B8DC2C1FA17F0F003C6EBF /* Base */,
			);
			name = Home.storyboard;
			sourceTree = "<group>";
		};
		63B8DC2E1FA17F1B003C6EBF /* Favorite.storyboard */ = {
			isa = PBXVariantGroup;
			children = (
				63B8DC2F1FA17F1B003C6EBF /* Base */,
			);
			name = Favorite.storyboard;
			sourceTree = "<group>";
		};
		63BE91A61FA0233300D40C07 /* Main.storyboard */ = {
			isa = PBXVariantGroup;
			children = (
				63BE91A71FA0233300D40C07 /* Base */,
			);
			name = Main.storyboard;
			sourceTree = "<group>";
		};
		63BE91AB1FA0233300D40C07 /* LaunchScreen.storyboard */ = {
			isa = PBXVariantGroup;
			children = (
				63BE91AC1FA0233300D40C07 /* Base */,
			);
			name = LaunchScreen.storyboard;
			sourceTree = "<group>";
		};
/* End PBXVariantGroup section */

/* Begin XCBuildConfiguration section */
		63BE91AF1FA0233400D40C07 /* Debug */ = {
			isa = XCBuildConfiguration;
			buildSettings = {
				ALWAYS_SEARCH_USER_PATHS = NO;
				CLANG_ANALYZER_NONNULL = YES;
				CLANG_ANALYZER_NUMBER_OBJECT_CONVERSION = YES_AGGRESSIVE;
				CLANG_CXX_LANGUAGE_STANDARD = "gnu++14";
				CLANG_CXX_LIBRARY = "libc++";
				CLANG_ENABLE_MODULES = YES;
				CLANG_ENABLE_OBJC_ARC = YES;
				CLANG_WARN_BLOCK_CAPTURE_AUTORELEASING = YES;
				CLANG_WARN_BOOL_CONVERSION = YES;
				CLANG_WARN_COMMA = YES;
				CLANG_WARN_CONSTANT_CONVERSION = YES;
				CLANG_WARN_DIRECT_OBJC_ISA_USAGE = YES_ERROR;
				CLANG_WARN_DOCUMENTATION_COMMENTS = YES;
				CLANG_WARN_EMPTY_BODY = YES;
				CLANG_WARN_ENUM_CONVERSION = YES;
				CLANG_WARN_INFINITE_RECURSION = YES;
				CLANG_WARN_INT_CONVERSION = YES;
				CLANG_WARN_NON_LITERAL_NULL_CONVERSION = YES;
				CLANG_WARN_OBJC_LITERAL_CONVERSION = YES;
				CLANG_WARN_OBJC_ROOT_CLASS = YES_ERROR;
				CLANG_WARN_RANGE_LOOP_ANALYSIS = YES;
				CLANG_WARN_STRICT_PROTOTYPES = YES;
				CLANG_WARN_SUSPICIOUS_MOVE = YES;
				CLANG_WARN_UNGUARDED_AVAILABILITY = YES_AGGRESSIVE;
				CLANG_WARN_UNREACHABLE_CODE = YES;
				CLANG_WARN__DUPLICATE_METHOD_MATCH = YES;
				CODE_SIGN_IDENTITY = "iPhone Developer";
				COPY_PHASE_STRIP = NO;
				DEBUG_INFORMATION_FORMAT = dwarf;
				ENABLE_STRICT_OBJC_MSGSEND = YES;
				ENABLE_TESTABILITY = YES;
				GCC_C_LANGUAGE_STANDARD = gnu11;
				GCC_DYNAMIC_NO_PIC = NO;
				GCC_NO_COMMON_BLOCKS = YES;
				GCC_OPTIMIZATION_LEVEL = 0;
				GCC_PREPROCESSOR_DEFINITIONS = (
					"DEBUG=1",
					"$(inherited)",
				);
				GCC_WARN_64_TO_32_BIT_CONVERSION = YES;
				GCC_WARN_ABOUT_RETURN_TYPE = YES_ERROR;
				GCC_WARN_UNDECLARED_SELECTOR = YES;
				GCC_WARN_UNINITIALIZED_AUTOS = YES_AGGRESSIVE;
				GCC_WARN_UNUSED_FUNCTION = YES;
				GCC_WARN_UNUSED_VARIABLE = YES;
				IPHONEOS_DEPLOYMENT_TARGET = 11.0;
				MTL_ENABLE_DEBUG_INFO = YES;
				ONLY_ACTIVE_ARCH = YES;
				SDKROOT = iphoneos;
				SWIFT_ACTIVE_COMPILATION_CONDITIONS = DEBUG;
				SWIFT_OPTIMIZATION_LEVEL = "-Onone";
			};
			name = Debug;
		};
		63BE91B01FA0233400D40C07 /* Release */ = {
			isa = XCBuildConfiguration;
			buildSettings = {
				ALWAYS_SEARCH_USER_PATHS = NO;
				CLANG_ANALYZER_NONNULL = YES;
				CLANG_ANALYZER_NUMBER_OBJECT_CONVERSION = YES_AGGRESSIVE;
				CLANG_CXX_LANGUAGE_STANDARD = "gnu++14";
				CLANG_CXX_LIBRARY = "libc++";
				CLANG_ENABLE_MODULES = YES;
				CLANG_ENABLE_OBJC_ARC = YES;
				CLANG_WARN_BLOCK_CAPTURE_AUTORELEASING = YES;
				CLANG_WARN_BOOL_CONVERSION = YES;
				CLANG_WARN_COMMA = YES;
				CLANG_WARN_CONSTANT_CONVERSION = YES;
				CLANG_WARN_DIRECT_OBJC_ISA_USAGE = YES_ERROR;
				CLANG_WARN_DOCUMENTATION_COMMENTS = YES;
				CLANG_WARN_EMPTY_BODY = YES;
				CLANG_WARN_ENUM_CONVERSION = YES;
				CLANG_WARN_INFINITE_RECURSION = YES;
				CLANG_WARN_INT_CONVERSION = YES;
				CLANG_WARN_NON_LITERAL_NULL_CONVERSION = YES;
				CLANG_WARN_OBJC_LITERAL_CONVERSION = YES;
				CLANG_WARN_OBJC_ROOT_CLASS = YES_ERROR;
				CLANG_WARN_RANGE_LOOP_ANALYSIS = YES;
				CLANG_WARN_STRICT_PROTOTYPES = YES;
				CLANG_WARN_SUSPICIOUS_MOVE = YES;
				CLANG_WARN_UNGUARDED_AVAILABILITY = YES_AGGRESSIVE;
				CLANG_WARN_UNREACHABLE_CODE = YES;
				CLANG_WARN__DUPLICATE_METHOD_MATCH = YES;
				CODE_SIGN_IDENTITY = "iPhone Developer";
				COPY_PHASE_STRIP = NO;
				DEBUG_INFORMATION_FORMAT = "dwarf-with-dsym";
				ENABLE_NS_ASSERTIONS = NO;
				ENABLE_STRICT_OBJC_MSGSEND = YES;
				GCC_C_LANGUAGE_STANDARD = gnu11;
				GCC_NO_COMMON_BLOCKS = YES;
				GCC_WARN_64_TO_32_BIT_CONVERSION = YES;
				GCC_WARN_ABOUT_RETURN_TYPE = YES_ERROR;
				GCC_WARN_UNDECLARED_SELECTOR = YES;
				GCC_WARN_UNINITIALIZED_AUTOS = YES_AGGRESSIVE;
				GCC_WARN_UNUSED_FUNCTION = YES;
				GCC_WARN_UNUSED_VARIABLE = YES;
				IPHONEOS_DEPLOYMENT_TARGET = 11.0;
				MTL_ENABLE_DEBUG_INFO = NO;
				SDKROOT = iphoneos;
				SWIFT_OPTIMIZATION_LEVEL = "-Owholemodule";
				VALIDATE_PRODUCT = YES;
			};
			name = Release;
		};
		63BE91B21FA0233400D40C07 /* Debug */ = {
			isa = XCBuildConfiguration;
			baseConfigurationReference = 5946E967F53932667006CC0B /* Pods-JacksGoGo.debug.xcconfig */;
			buildSettings = {
				ASSETCATALOG_COMPILER_APPICON_NAME = AppIcon;
				CODE_SIGN_STYLE = Manual;
				DEVELOPMENT_TEAM = 64L6BFS38D;
				INFOPLIST_FILE = JacksGoGo/Info.plist;
				IPHONEOS_DEPLOYMENT_TARGET = 9.0;
				LD_RUNPATH_SEARCH_PATHS = "$(inherited) @executable_path/Frameworks";
				PRODUCT_BUNDLE_IDENTIFIER = com.ios.JacksGoGo;
				PRODUCT_NAME = "$(TARGET_NAME)";
				PROVISIONING_PROFILE = "6c93466c-1107-44fa-b29d-d08724559e08";
				PROVISIONING_PROFILE_SPECIFIER = allpro0429pat;
				SWIFT_VERSION = 4.0;
				TARGETED_DEVICE_FAMILY = "1,2";
			};
			name = Debug;
		};
		63BE91B31FA0233400D40C07 /* Release */ = {
			isa = XCBuildConfiguration;
			baseConfigurationReference = 7DDBAF2BE302FE617614219B /* Pods-JacksGoGo.release.xcconfig */;
			buildSettings = {
				ASSETCATALOG_COMPILER_APPICON_NAME = AppIcon;
				CODE_SIGN_STYLE = Manual;
				DEVELOPMENT_TEAM = "";
				INFOPLIST_FILE = JacksGoGo/Info.plist;
				IPHONEOS_DEPLOYMENT_TARGET = 9.0;
				LD_RUNPATH_SEARCH_PATHS = "$(inherited) @executable_path/Frameworks";
				PRODUCT_BUNDLE_IDENTIFIER = com.ios.JacksGoGo;
				PRODUCT_NAME = "$(TARGET_NAME)";
				PROVISIONING_PROFILE_SPECIFIER = "";
				SWIFT_VERSION = 4.0;
				TARGETED_DEVICE_FAMILY = "1,2";
			};
			name = Release;
		};
/* End XCBuildConfiguration section */

/* Begin XCConfigurationList section */
		63BE919A1FA0233300D40C07 /* Build configuration list for PBXProject "JacksGoGo" */ = {
			isa = XCConfigurationList;
			buildConfigurations = (
				63BE91AF1FA0233400D40C07 /* Debug */,
				63BE91B01FA0233400D40C07 /* Release */,
			);
			defaultConfigurationIsVisible = 0;
			defaultConfigurationName = Release;
		};
		63BE91B11FA0233400D40C07 /* Build configuration list for PBXNativeTarget "JacksGoGo" */ = {
			isa = XCConfigurationList;
			buildConfigurations = (
				63BE91B21FA0233400D40C07 /* Debug */,
				63BE91B31FA0233400D40C07 /* Release */,
			);
			defaultConfigurationIsVisible = 0;
			defaultConfigurationName = Release;
		};
/* End XCConfigurationList section */
	};
	rootObject = 63BE91971FA0233300D40C07 /* Project object */;
}
